
Microsoft Visual Studio Solution File, Format Version 11.00
# Visual Studio 2010
Project("{FAE04EC0-301F-11D3-BF4B-00C04F79EFBC}") = "ICG_hw2", "Assembly-CSharp.csproj", "{26696750-977E-A8A1-6F12-166B3EE53FD0}"
EndProject
Global
	GlobalSection(SolutionConfigurationPlatforms) = preSolution
		Debug|Any CPU = Debug|Any CPU
		Release|Any CPU = Release|Any CPU
	EndGlobalSection
	GlobalSection(ProjectConfigurationPlatforms) = postSolution
		{26696750-977E-A8A1-6F12-166B3EE53FD0}.Debug|Any CPU.ActiveCfg = Debug|Any CPU
		{26696750-977E-A8A1-6F12-166B3EE53FD0}.Debug|Any CPU.Build.0 = Debug|Any CPU
		{26696750-977E-A8A1-6F12-166B3EE53FD0}.Release|Any CPU.ActiveCfg = Release|Any CPU
		{26696750-977E-A8A1-6F12-166B3EE53FD0}.Release|Any CPU.Build.0 = Release|Any CPU
	EndGlobalSection
	GlobalSection(SolutionProperties) = preSolution
		HideSolutionNode = FALSE
	EndGlobalSection
	GlobalSection(MonoDevelopProperties) = preSolution
		StartupItem = Assembly-CSharp.csproj
	EndGlobalSection
EndGlobal
